
Microsoft Visual Studio Solution File, Format Version 12.00
# Visual Studio Version 16
VisualStudioVersion = 16.0.29613.14
MinimumVisualStudioVersion = 10.0.40219.1
Project("{FAE04EC0-301F-11D3-BF4B-00C04F79EFBC}") = "SampleBugApp", "SampleBugApp\SampleBugApp\SampleBugApp.csproj", "{E85E7F57-A891-4E22-B5E2-9C3C8081D904}"
EndProject
Project("{FAE04EC0-301F-11D3-BF4B-00C04F79EFBC}") = "SampleBugApp.Android", "SampleBugApp\SampleBugApp.Android\SampleBugApp.Android.csproj", "{DB8D3FAB-67FB-4BC6-BD4E-057BB94127ED}"
EndProject
Project("{FAE04EC0-301F-11D3-BF4B-00C04F79EFBC}") = "SampleBugApp.iOS", "SampleBugApp\SampleBugApp.iOS\SampleBugApp.iOS.csproj", "{B69132D8-B990-4CEA-844B-039822842F4D}"
EndProject
Project("{FAE04EC0-301F-11D3-BF4B-00C04F79EFBC}") = "SampleBugApp.UWP", "SampleBugApp\SampleBugApp.UWP\SampleBugApp.UWP.csproj", "{ED0309DA-D0A5-4D79-BA34-76B3F1526E2A}"
EndProject
Global
	GlobalSection(SolutionConfigurationPlatforms) = preSolution
		Ad-Hoc|Any CPU = Ad-Hoc|Any CPU
		Ad-Hoc|ARM = Ad-Hoc|ARM
		Ad-Hoc|iPhone = Ad-Hoc|iPhone
		Ad-Hoc|iPhoneSimulator = Ad-Hoc|iPhoneSimulator
		Ad-Hoc|x64 = Ad-Hoc|x64
		Ad-Hoc|x86 = Ad-Hoc|x86
		AppStore|Any CPU = AppStore|Any CPU
		AppStore|ARM = AppStore|ARM
		AppStore|iPhone = AppStore|iPhone
		AppStore|iPhoneSimulator = AppStore|iPhoneSimulator
		AppStore|x64 = AppStore|x64
		AppStore|x86 = AppStore|x86
		Debug|Any CPU = Debug|Any CPU
		Debug|ARM = Debug|ARM
		Debug|iPhone = Debug|iPhone
		Debug|iPhoneSimulator = Debug|iPhoneSimulator
		Debug|x64 = Debug|x64
		Debug|x86 = Debug|x86
		Release|Any CPU = Release|Any CPU
		Release|ARM = Release|ARM
		Release|iPhone = Release|iPhone
		Release|iPhoneSimulator = Release|iPhoneSimulator
		Release|x64 = Release|x64
		Release|x86 = Release|x86
	EndGlobalSection
	GlobalSection(ProjectConfigurationPlatforms) = postSolution
		{E85E7F57-A891-4E22-B5E2-9C3C8081D904}.Ad-Hoc|Any CPU.ActiveCfg = Debug|Any CPU
		{E85E7F57-A891-4E22-B5E2-9C3C8081D904}.Ad-Hoc|Any CPU.Build.0 = Debug|Any CPU
		{E85E7F57-A891-4E22-B5E2-9C3C8081D904}.Ad-Hoc|ARM.ActiveCfg = Debug|Any CPU
		{E85E7F57-A891-4E22-B5E2-9C3C8081D904}.Ad-Hoc|ARM.Build.0 = Debug|Any CPU
		{E85E7F57-A891-4E22-B5E2-9C3C8081D904}.Ad-Hoc|iPhone.ActiveCfg = Debug|Any CPU
		{E85E7F57-A891-4E22-B5E2-9C3C8081D904}.Ad-Hoc|iPhone.Build.0 = Debug|Any CPU
		{E85E7F57-A891-4E22-B5E2-9C3C8081D904}.Ad-Hoc|iPhoneSimulator.ActiveCfg = Debug|Any CPU
		{E85E7F57-A891-4E22-B5E2-9C3C8081D904}.Ad-Hoc|iPhoneSimulator.Build.0 = Debug|Any CPU
		{E85E7F57-A891-4E22-B5E2-9C3C8081D904}.Ad-Hoc|x64.ActiveCfg = Debug|Any CPU
		{E85E7F57-A891-4E22-B5E2-9C3C8081D904}.Ad-Hoc|x64.Build.0 = Debug|Any CPU
		{E85E7F57-A891-4E22-B5E2-9C3C8081D904}.Ad-Hoc|x86.ActiveCfg = Debug|Any CPU
		{E85E7F57-A891-4E22-B5E2-9C3C8081D904}.Ad-Hoc|x86.Build.0 = Debug|Any CPU
		{E85E7F57-A891-4E22-B5E2-9C3C8081D904}.AppStore|Any CPU.ActiveCfg = Debug|Any CPU
		{E85E7F57-A891-4E22-B5E2-9C3C8081D904}.AppStore|Any CPU.Build.0 = Debug|Any CPU
		{E85E7F57-A891-4E22-B5E2-9C3C8081D904}.AppStore|ARM.ActiveCfg = Debug|Any CPU
		{E85E7F57-A891-4E22-B5E2-9C3C8081D904}.AppStore|ARM.Build.0 = Debug|Any CPU
		{E85E7F57-A891-4E22-B5E2-9C3C8081D904}.AppStore|iPhone.ActiveCfg = Debug|Any CPU
		{E85E7F57-A891-4E22-B5E2-9C3C8081D904}.AppStore|iPhone.Build.0 = Debug|Any CPU
		{E85E7F57-A891-4E22-B5E2-9C3C8081D904}.AppStore|iPhoneSimulator.ActiveCfg = Debug|Any CPU
		{E85E7F57-A891-4E22-B5E2-9C3C8081D904}.AppStore|iPhoneSimulator.Build.0 = Debug|Any CPU
		{E85E7F57-A891-4E22-B5E2-9C3C8081D904}.AppStore|x64.ActiveCfg = Debug|Any CPU
		{E85E7F57-A891-4E22-B5E2-9C3C8081D904}.AppStore|x64.Build.0 = Debug|Any CPU
		{E85E7F57-A891-4E22-B5E2-9C3C8081D904}.AppStore|x86.ActiveCfg = Debug|Any CPU
		{E85E7F57-A891-4E22-B5E2-9C3C8081D904}.AppStore|x86.Build.0 = Debug|Any CPU
		{E85E7F57-A891-4E22-B5E2-9C3C8081D904}.Debug|Any CPU.ActiveCfg = Debug|Any CPU
		{E85E7F57-A891-4E22-B5E2-9C3C8081D904}.Debug|Any CPU.Build.0 = Debug|Any CPU
		{E85E7F57-A891-4E22-B5E2-9C3C8081D904}.Debug|ARM.ActiveCfg = Debug|Any CPU
		{E85E7F57-A891-4E22-B5E2-9C3C8081D904}.Debug|ARM.Build.0 = Debug|Any CPU
		{E85E7F57-A891-4E22-B5E2-9C3C8081D904}.Debug|iPhone.ActiveCfg = Debug|Any CPU
		{E85E7F57-A891-4E22-B5E2-9C3C8081D904}.Debug|iPhone.Build.0 = Debug|Any CPU
		{E85E7F57-A891-4E22-B5E2-9C3C8081D904}.Debug|iPhoneSimulator.ActiveCfg = Debug|Any CPU
		{E85E7F57-A891-4E22-B5E2-9C3C8081D904}.Debug|iPhoneSimulator.Build.0 = Debug|Any CPU
		{E85E7F57-A891-4E22-B5E2-9C3C8081D904}.Debug|x64.ActiveCfg = Debug|Any CPU
		{E85E7F57-A891-4E22-B5E2-9C3C8081D904}.Debug|x64.Build.0 = Debug|Any CPU
		{E85E7F57-A891-4E22-B5E2-9C3C8081D904}.Debug|x86.ActiveCfg = Debug|Any CPU
		{E85E7F57-A891-4E22-B5E2-9C3C8081D904}.Debug|x86.Build.0 = Debug|Any CPU
		{E85E7F57-A891-4E22-B5E2-9C3C8081D904}.Release|Any CPU.ActiveCfg = Release|Any CPU
		{E85E7F57-A891-4E22-B5E2-9C3C8081D904}.Release|Any CPU.Build.0 = Release|Any CPU
		{E85E7F57-A891-4E22-B5E2-9C3C8081D904}.Release|ARM.ActiveCfg = Release|Any CPU
		{E85E7F57-A891-4E22-B5E2-9C3C8081D904}.Release|ARM.Build.0 = Release|Any CPU
		{E85E7F57-A891-4E22-B5E2-9C3C8081D904}.Release|iPhone.ActiveCfg = Release|Any CPU
		{E85E7F57-A891-4E22-B5E2-9C3C8081D904}.Release|iPhone.Build.0 = Release|Any CPU
		{E85E7F57-A891-4E22-B5E2-9C3C8081D904}.Release|iPhoneSimulator.ActiveCfg = Release|Any CPU
		{E85E7F57-A891-4E22-B5E2-9C3C8081D904}.Release|iPhoneSimulator.Build.0 = Release|Any CPU
		{E85E7F57-A891-4E22-B5E2-9C3C8081D904}.Release|x64.ActiveCfg = Release|Any CPU
		{E85E7F57-A891-4E22-B5E2-9C3C8081D904}.Release|x64.Build.0 = Release|Any CPU
		{E85E7F57-A891-4E22-B5E2-9C3C8081D904}.Release|x86.ActiveCfg = Release|Any CPU
		{E85E7F57-A891-4E22-B5E2-9C3C8081D904}.Release|x86.Build.0 = Release|Any CPU
		{DB8D3FAB-67FB-4BC6-BD4E-057BB94127ED}.Ad-Hoc|Any CPU.ActiveCfg = Release|Any CPU
		{DB8D3FAB-67FB-4BC6-BD4E-057BB94127ED}.Ad-Hoc|Any CPU.Build.0 = Release|Any CPU
		{DB8D3FAB-67FB-4BC6-BD4E-057BB94127ED}.Ad-Hoc|Any CPU.Deploy.0 = Release|Any CPU
		{DB8D3FAB-67FB-4BC6-BD4E-057BB94127ED}.Ad-Hoc|ARM.ActiveCfg = Release|Any CPU
		{DB8D3FAB-67FB-4BC6-BD4E-057BB94127ED}.Ad-Hoc|ARM.Build.0 = Release|Any CPU
		{DB8D3FAB-67FB-4BC6-BD4E-057BB94127ED}.Ad-Hoc|ARM.Deploy.0 = Release|Any CPU
		{DB8D3FAB-67FB-4BC6-BD4E-057BB94127ED}.Ad-Hoc|iPhone.ActiveCfg = Release|Any CPU
		{DB8D3FAB-67FB-4BC6-BD4E-057BB94127ED}.Ad-Hoc|iPhone.Build.0 = Release|Any CPU
		{DB8D3FAB-67FB-4BC6-BD4E-057BB94127ED}.Ad-Hoc|iPhone.Deploy.0 = Release|Any CPU
		{DB8D3FAB-67FB-4BC6-BD4E-057BB94127ED}.Ad-Hoc|iPhoneSimulator.ActiveCfg = Release|Any CPU
		{DB8D3FAB-67FB-4BC6-BD4E-057BB94127ED}.Ad-Hoc|iPhoneSimulator.Build.0 = Release|Any CPU
		{DB8D3FAB-67FB-4BC6-BD4E-057BB94127ED}.Ad-Hoc|iPhoneSimulator.Deploy.0 = Release|Any CPU
		{DB8D3FAB-67FB-4BC6-BD4E-057BB94127ED}.Ad-Hoc|x64.ActiveCfg = Release|Any CPU
		{DB8D3FAB-67FB-4BC6-BD4E-057BB94127ED}.Ad-Hoc|x64.Build.0 = Release|Any CPU
		{DB8D3FAB-67FB-4BC6-BD4E-057BB94127ED}.Ad-Hoc|x64.Deploy.0 = Release|Any CPU
		{DB8D3FAB-67FB-4BC6-BD4E-057BB94127ED}.Ad-Hoc|x86.ActiveCfg = Release|Any CPU
		{DB8D3FAB-67FB-4BC6-BD4E-057BB94127ED}.Ad-Hoc|x86.Build.0 = Release|Any CPU
		{DB8D3FAB-67FB-4BC6-BD4E-057BB94127ED}.Ad-Hoc|x86.Deploy.0 = Release|Any CPU
		{DB8D3FAB-67FB-4BC6-BD4E-057BB94127ED}.AppStore|Any CPU.ActiveCfg = Release|Any CPU
		{DB8D3FAB-67FB-4BC6-BD4E-057BB94127ED}.AppStore|Any CPU.Build.0 = Release|Any CPU
		{DB8D3FAB-67FB-4BC6-BD4E-057BB94127ED}.AppStore|Any CPU.Deploy.0 = Release|Any CPU
		{DB8D3FAB-67FB-4BC6-BD4E-057BB94127ED}.AppStore|ARM.ActiveCfg = Release|Any CPU
		{DB8D3FAB-67FB-4BC6-BD4E-057BB94127ED}.AppStore|ARM.Build.0 = Release|Any CPU
		{DB8D3FAB-67FB-4BC6-BD4E-057BB94127ED}.AppStore|ARM.Deploy.0 = Release|Any CPU
		{DB8D3FAB-67FB-4BC6-BD4E-057BB94127ED}.AppStore|iPhone.ActiveCfg = Release|Any CPU
		{DB8D3FAB-67FB-4BC6-BD4E-057BB94127ED}.AppStore|iPhone.Build.0 = Release|Any CPU
		{DB8D3FAB-67FB-4BC6-BD4E-057BB94127ED}.AppStore|iPhone.Deploy.0 = Release|Any CPU
		{DB8D3FAB-67FB-4BC6-BD4E-057BB94127ED}.AppStore|iPhoneSimulator.ActiveCfg = Release|Any CPU
		{DB8D3FAB-67FB-4BC6-BD4E-057BB94127ED}.AppStore|iPhoneSimulator.Build.0 = Release|Any CPU
		{DB8D3FAB-67FB-4BC6-BD4E-057BB94127ED}.AppStore|iPhoneSimulator.Deploy.0 = Release|Any CPU
		{DB8D3FAB-67FB-4BC6-BD4E-057BB94127ED}.AppStore|x64.ActiveCfg = Release|Any CPU
		{DB8D3FAB-67FB-4BC6-BD4E-057BB94127ED}.AppStore|x64.Build.0 = Release|Any CPU
		{DB8D3FAB-67FB-4BC6-BD4E-057BB94127ED}.AppStore|x64.Deploy.0 = Release|Any CPU
		{DB8D3FAB-67FB-4BC6-BD4E-057BB94127ED}.AppStore|x86.ActiveCfg = Release|Any CPU
		{DB8D3FAB-67FB-4BC6-BD4E-057BB94127ED}.AppStore|x86.Build.0 = Release|Any CPU
		{DB8D3FAB-67FB-4BC6-BD4E-057BB94127ED}.AppStore|x86.Deploy.0 = Release|Any CPU
		{DB8D3FAB-67FB-4BC6-BD4E-057BB94127ED}.Debug|Any CPU.ActiveCfg = Debug|Any CPU
		{DB8D3FAB-67FB-4BC6-BD4E-057BB94127ED}.Debug|Any CPU.Build.0 = Debug|Any CPU
		{DB8D3FAB-67FB-4BC6-BD4E-057BB94127ED}.Debug|Any CPU.Deploy.0 = Debug|Any CPU
		{DB8D3FAB-67FB-4BC6-BD4E-057BB94127ED}.Debug|ARM.ActiveCfg = Debug|Any CPU
		{DB8D3FAB-67FB-4BC6-BD4E-057BB94127ED}.Debug|ARM.Build.0 = Debug|Any CPU
		{DB8D3FAB-67FB-4BC6-BD4E-057BB94127ED}.Debug|ARM.Deploy.0 = Debug|Any CPU
		{DB8D3FAB-67FB-4BC6-BD4E-057BB94127ED}.Debug|iPhone.ActiveCfg = Debug|Any CPU
		{DB8D3FAB-67FB-4BC6-BD4E-057BB94127ED}.Debug|iPhone.Build.0 = Debug|Any CPU
		{DB8D3FAB-67FB-4BC6-BD4E-057BB94127ED}.Debug|iPhone.Deploy.0 = Debug|Any CPU
		{DB8D3FAB-67FB-4BC6-BD4E-057BB94127ED}.Debug|iPhoneSimulator.ActiveCfg = Debug|Any CPU
		{DB8D3FAB-67FB-4BC6-BD4E-057BB94127ED}.Debug|iPhoneSimulator.Build.0 = Debug|Any CPU
		{DB8D3FAB-67FB-4BC6-BD4E-057BB94127ED}.Debug|iPhoneSimulator.Deploy.0 = Debug|Any CPU
		{DB8D3FAB-67FB-4BC6-BD4E-057BB94127ED}.Debug|x64.ActiveCfg = Debug|Any CPU
		{DB8D3FAB-67FB-4BC6-BD4E-057BB94127ED}.Debug|x64.Build.0 = Debug|Any CPU
		{DB8D3FAB-67FB-4BC6-BD4E-057BB94127ED}.Debug|x64.Deploy.0 = Debug|Any CPU
		{DB8D3FAB-67FB-4BC6-BD4E-057BB94127ED}.Debug|x86.ActiveCfg = Debug|Any CPU
		{DB8D3FAB-67FB-4BC6-BD4E-057BB94127ED}.Debug|x86.Build.0 = Debug|Any CPU
		{DB8D3FAB-67FB-4BC6-BD4E-057BB94127ED}.Debug|x86.Deploy.0 = Debug|Any CPU
		{DB8D3FAB-67FB-4BC6-BD4E-057BB94127ED}.Release|Any CPU.ActiveCfg = Release|Any CPU
		{DB8D3FAB-67FB-4BC6-BD4E-057BB94127ED}.Release|Any CPU.Build.0 = Release|Any CPU
		{DB8D3FAB-67FB-4BC6-BD4E-057BB94127ED}.Release|Any CPU.Deploy.0 = Release|Any CPU
		{DB8D3FAB-67FB-4BC6-BD4E-057BB94127ED}.Release|ARM.ActiveCfg = Release|Any CPU
		{DB8D3FAB-67FB-4BC6-BD4E-057BB94127ED}.Release|ARM.Build.0 = Release|Any CPU
		{DB8D3FAB-67FB-4BC6-BD4E-057BB94127ED}.Release|ARM.Deploy.0 = Release|Any CPU
		{DB8D3FAB-67FB-4BC6-BD4E-057BB94127ED}.Release|iPhone.ActiveCfg = Release|Any CPU
		{DB8D3FAB-67FB-4BC6-BD4E-057BB94127ED}.Release|iPhone.Build.0 = Release|Any CPU
		{DB8D3FAB-67FB-4BC6-BD4E-057BB94127ED}.Release|iPhone.Deploy.0 = Release|Any CPU
		{DB8D3FAB-67FB-4BC6-BD4E-057BB94127ED}.Release|iPhoneSimulator.ActiveCfg = Release|Any CPU
		{DB8D3FAB-67FB-4BC6-BD4E-057BB94127ED}.Release|iPhoneSimulator.Build.0 = Release|Any CPU
		{DB8D3FAB-67FB-4BC6-BD4E-057BB94127ED}.Release|iPhoneSimulator.Deploy.0 = Release|Any CPU
		{DB8D3FAB-67FB-4BC6-BD4E-057BB94127ED}.Release|x64.ActiveCfg = Release|Any CPU
		{DB8D3FAB-67FB-4BC6-BD4E-057BB94127ED}.Release|x64.Build.0 = Release|Any CPU
		{DB8D3FAB-67FB-4BC6-BD4E-057BB94127ED}.Release|x64.Deploy.0 = Release|Any CPU
		{DB8D3FAB-67FB-4BC6-BD4E-057BB94127ED}.Release|x86.ActiveCfg = Release|Any CPU
		{DB8D3FAB-67FB-4BC6-BD4E-057BB94127ED}.Release|x86.Build.0 = Release|Any CPU
		{DB8D3FAB-67FB-4BC6-BD4E-057BB94127ED}.Release|x86.Deploy.0 = Release|Any CPU
		{B69132D8-B990-4CEA-844B-039822842F4D}.Ad-Hoc|Any CPU.ActiveCfg = Ad-Hoc|iPhone
		{B69132D8-B990-4CEA-844B-039822842F4D}.Ad-Hoc|ARM.ActiveCfg = Ad-Hoc|iPhone
		{B69132D8-B990-4CEA-844B-039822842F4D}.Ad-Hoc|iPhone.ActiveCfg = Ad-Hoc|iPhone
		{B69132D8-B990-4CEA-844B-039822842F4D}.Ad-Hoc|iPhone.Build.0 = Ad-Hoc|iPhone
		{B69132D8-B990-4CEA-844B-039822842F4D}.Ad-Hoc|iPhoneSimulator.ActiveCfg = Ad-Hoc|iPhoneSimulator
		{B69132D8-B990-4CEA-844B-039822842F4D}.Ad-Hoc|iPhoneSimulator.Build.0 = Ad-Hoc|iPhoneSimulator
		{B69132D8-B990-4CEA-844B-039822842F4D}.Ad-Hoc|x64.ActiveCfg = Ad-Hoc|iPhone
		{B69132D8-B990-4CEA-844B-039822842F4D}.Ad-Hoc|x86.ActiveCfg = Ad-Hoc|iPhone
		{B69132D8-B990-4CEA-844B-039822842F4D}.AppStore|Any CPU.ActiveCfg = AppStore|iPhone
		{B69132D8-B990-4CEA-844B-039822842F4D}.AppStore|ARM.ActiveCfg = AppStore|iPhone
		{B69132D8-B990-4CEA-844B-039822842F4D}.AppStore|iPhone.ActiveCfg = AppStore|iPhone
		{B69132D8-B990-4CEA-844B-039822842F4D}.AppStore|iPhone.Build.0 = AppStore|iPhone
		{B69132D8-B990-4CEA-844B-039822842F4D}.AppStore|iPhoneSimulator.ActiveCfg = AppStore|iPhoneSimulator
		{B69132D8-B990-4CEA-844B-039822842F4D}.AppStore|iPhoneSimulator.Build.0 = AppStore|iPhoneSimulator
		{B69132D8-B990-4CEA-844B-039822842F4D}.AppStore|x64.ActiveCfg = AppStore|iPhone
		{B69132D8-B990-4CEA-844B-039822842F4D}.AppStore|x86.ActiveCfg = AppStore|iPhone
		{B69132D8-B990-4CEA-844B-039822842F4D}.Debug|Any CPU.ActiveCfg = Debug|iPhone
		{B69132D8-B990-4CEA-844B-039822842F4D}.Debug|ARM.ActiveCfg = Debug|iPhone
		{B69132D8-B990-4CEA-844B-039822842F4D}.Debug|iPhone.ActiveCfg = Debug|iPhone
		{B69132D8-B990-4CEA-844B-039822842F4D}.Debug|iPhone.Build.0 = Debug|iPhone
		{B69132D8-B990-4CEA-844B-039822842F4D}.Debug|iPhoneSimulator.ActiveCfg = Debug|iPhoneSimulator
		{B69132D8-B990-4CEA-844B-039822842F4D}.Debug|iPhoneSimulator.Build.0 = Debug|iPhoneSimulator
		{B69132D8-B990-4CEA-844B-039822842F4D}.Debug|x64.ActiveCfg = Debug|iPhone
		{B69132D8-B990-4CEA-844B-039822842F4D}.Debug|x86.ActiveCfg = Debug|iPhone
		{B69132D8-B990-4CEA-844B-039822842F4D}.Release|Any CPU.ActiveCfg = Release|iPhone
		{B69132D8-B990-4CEA-844B-039822842F4D}.Release|ARM.ActiveCfg = Release|iPhone
		{B69132D8-B990-4CEA-844B-039822842F4D}.Release|iPhone.ActiveCfg = Release|iPhone
		{B69132D8-B990-4CEA-844B-039822842F4D}.Release|iPhone.Build.0 = Release|iPhone
		{B69132D8-B990-4CEA-844B-039822842F4D}.Release|iPhoneSimulator.ActiveCfg = Release|iPhoneSimulator
		{B69132D8-B990-4CEA-844B-039822842F4D}.Release|iPhoneSimulator.Build.0 = Release|iPhoneSimulator
		{B69132D8-B990-4CEA-844B-039822842F4D}.Release|x64.ActiveCfg = Release|iPhone
		{B69132D8-B990-4CEA-844B-039822842F4D}.Release|x86.ActiveCfg = Release|iPhone
		{ED0309DA-D0A5-4D79-BA34-76B3F1526E2A}.Ad-Hoc|Any CPU.ActiveCfg = Release|x86
		{ED0309DA-D0A5-4D79-BA34-76B3F1526E2A}.Ad-Hoc|Any CPU.Build.0 = Release|x86
		{ED0309DA-D0A5-4D79-BA34-76B3F1526E2A}.Ad-Hoc|Any CPU.Deploy.0 = Release|x86
		{ED0309DA-D0A5-4D79-BA34-76B3F1526E2A}.Ad-Hoc|ARM.ActiveCfg = Release|ARM
		{ED0309DA-D0A5-4D79-BA34-76B3F1526E2A}.Ad-Hoc|ARM.Build.0 = Release|ARM
		{ED0309DA-D0A5-4D79-BA34-76B3F1526E2A}.Ad-Hoc|ARM.Deploy.0 = Release|ARM
		{ED0309DA-D0A5-4D79-BA34-76B3F1526E2A}.Ad-Hoc|iPhone.ActiveCfg = Release|x86
		{ED0309DA-D0A5-4D79-BA34-76B3F1526E2A}.Ad-Hoc|iPhone.Build.0 = Release|x86
		{ED0309DA-D0A5-4D79-BA34-76B3F1526E2A}.Ad-Hoc|iPhone.Deploy.0 = Release|x86
		{ED0309DA-D0A5-4D79-BA34-76B3F1526E2A}.Ad-Hoc|iPhoneSimulator.ActiveCfg = Release|x86
		{ED0309DA-D0A5-4D79-BA34-76B3F1526E2A}.Ad-Hoc|iPhoneSimulator.Build.0 = Release|x86
		{ED0309DA-D0A5-4D79-BA34-76B3F1526E2A}.Ad-Hoc|iPhoneSimulator.Deploy.0 = Release|x86
		{ED0309DA-D0A5-4D79-BA34-76B3F1526E2A}.Ad-Hoc|x64.ActiveCfg = Release|x64
		{ED0309DA-D0A5-4D79-BA34-76B3F1526E2A}.Ad-Hoc|x64.Build.0 = Release|x64
		{ED0309DA-D0A5-4D79-BA34-76B3F1526E2A}.Ad-Hoc|x64.Deploy.0 = Release|x64
		{ED0309DA-D0A5-4D79-BA34-76B3F1526E2A}.Ad-Hoc|x86.ActiveCfg = Release|x86
		{ED0309DA-D0A5-4D79-BA34-76B3F1526E2A}.Ad-Hoc|x86.Build.0 = Release|x86
		{ED0309DA-D0A5-4D79-BA34-76B3F1526E2A}.Ad-Hoc|x86.Deploy.0 = Release|x86
		{ED0309DA-D0A5-4D79-BA34-76B3F1526E2A}.AppStore|Any CPU.ActiveCfg = Release|x86
		{ED0309DA-D0A5-4D79-BA34-76B3F1526E2A}.AppStore|Any CPU.Build.0 = Release|x86
		{ED0309DA-D0A5-4D79-BA34-76B3F1526E2A}.AppStore|Any CPU.Deploy.0 = Release|x86
		{ED0309DA-D0A5-4D79-BA34-76B3F1526E2A}.AppStore|ARM.ActiveCfg = Release|ARM
		{ED0309DA-D0A5-4D79-BA34-76B3F1526E2A}.AppStore|ARM.Build.0 = Release|ARM
		{ED0309DA-D0A5-4D79-BA34-76B3F1526E2A}.AppStore|ARM.Deploy.0 = Release|ARM
		{ED0309DA-D0A5-4D79-BA34-76B3F1526E2A}.AppStore|iPhone.ActiveCfg = Release|x86
		{ED0309DA-D0A5-4D79-BA34-76B3F1526E2A}.AppStore|iPhone.Build.0 = Release|x86
		{ED0309DA-D0A5-4D79-BA34-76B3F1526E2A}.AppStore|iPhone.Deploy.0 = Release|x86
		{ED0309DA-D0A5-4D79-BA34-76B3F1526E2A}.AppStore|iPhoneSimulator.ActiveCfg = Release|x86
		{ED0309DA-D0A5-4D79-BA34-76B3F1526E2A}.AppStore|iPhoneSimulator.Build.0 = Release|x86
		{ED0309DA-D0A5-4D79-BA34-76B3F1526E2A}.AppStore|iPhoneSimulator.Deploy.0 = Release|x86
		{ED0309DA-D0A5-4D79-BA34-76B3F1526E2A}.AppStore|x64.ActiveCfg = Release|x64
		{ED0309DA-D0A5-4D79-BA34-76B3F1526E2A}.AppStore|x64.Build.0 = Release|x64
		{ED0309DA-D0A5-4D79-BA34-76B3F1526E2A}.AppStore|x64.Deploy.0 = Release|x64
		{ED0309DA-D0A5-4D79-BA34-76B3F1526E2A}.AppStore|x86.ActiveCfg = Release|x86
		{ED0309DA-D0A5-4D79-BA34-76B3F1526E2A}.AppStore|x86.Build.0 = Release|x86
		{ED0309DA-D0A5-4D79-BA34-76B3F1526E2A}.AppStore|x86.Deploy.0 = Release|x86
		{ED0309DA-D0A5-4D79-BA34-76B3F1526E2A}.Debug|Any CPU.ActiveCfg = Debug|x86
		{ED0309DA-D0A5-4D79-BA34-76B3F1526E2A}.Debug|ARM.ActiveCfg = Debug|ARM
		{ED0309DA-D0A5-4D79-BA34-76B3F1526E2A}.Debug|ARM.Build.0 = Debug|ARM
		{ED0309DA-D0A5-4D79-BA34-76B3F1526E2A}.Debug|ARM.Deploy.0 = Debug|ARM
		{ED0309DA-D0A5-4D79-BA34-76B3F1526E2A}.Debug|iPhone.ActiveCfg = Debug|x86
		{ED0309DA-D0A5-4D79-BA34-76B3F1526E2A}.Debug|iPhoneSimulator.ActiveCfg = Debug|x86
		{ED0309DA-D0A5-4D79-BA34-76B3F1526E2A}.Debug|x64.ActiveCfg = Debug|x64
		{ED0309DA-D0A5-4D79-BA34-76B3F1526E2A}.Debug|x64.Build.0 = Debug|x64
		{ED0309DA-D0A5-4D79-BA34-76B3F1526E2A}.Debug|x64.Deploy.0 = Debug|x64
		{ED0309DA-D0A5-4D79-BA34-76B3F1526E2A}.Debug|x86.ActiveCfg = Debug|x86
		{ED0309DA-D0A5-4D79-BA34-76B3F1526E2A}.Debug|x86.Build.0 = Debug|x86
		{ED0309DA-D0A5-4D79-BA34-76B3F1526E2A}.Debug|x86.Deploy.0 = Debug|x86
		{ED0309DA-D0A5-4D79-BA34-76B3F1526E2A}.Release|Any CPU.ActiveCfg = Release|x86
		{ED0309DA-D0A5-4D79-BA34-76B3F1526E2A}.Release|ARM.ActiveCfg = Release|ARM
		{ED0309DA-D0A5-4D79-BA34-76B3F1526E2A}.Release|ARM.Build.0 = Release|ARM
		{ED0309DA-D0A5-4D79-BA34-76B3F1526E2A}.Release|ARM.Deploy.0 = Release|ARM
		{ED0309DA-D0A5-4D79-BA34-76B3F1526E2A}.Release|iPhone.ActiveCfg = Release|x86
		{ED0309DA-D0A5-4D79-BA34-76B3F1526E2A}.Release|iPhoneSimulator.ActiveCfg = Release|x86
		{ED0309DA-D0A5-4D79-BA34-76B3F1526E2A}.Release|x64.ActiveCfg = Release|x64
		{ED0309DA-D0A5-4D79-BA34-76B3F1526E2A}.Release|x64.Build.0 = Release|x64
		{ED0309DA-D0A5-4D79-BA34-76B3F1526E2A}.Release|x64.Deploy.0 = Release|x64
		{ED0309DA-D0A5-4D79-BA34-76B3F1526E2A}.Release|x86.ActiveCfg = Release|x86
		{ED0309DA-D0A5-4D79-BA34-76B3F1526E2A}.Release|x86.Build.0 = Release|x86
		{ED0309DA-D0A5-4D79-BA34-76B3F1526E2A}.Release|x86.Deploy.0 = Release|x86
	EndGlobalSection
	GlobalSection(SolutionProperties) = preSolution
		HideSolutionNode = FALSE
	EndGlobalSection
	GlobalSection(ExtensibilityGlobals) = postSolution
		SolutionGuid = {AC6E658B-FBF1-446D-BC85-A6F7EED55493}
	EndGlobalSection
EndGlobal
